
Microsoft Visual Studio Solution File, Format Version 12.00
# Visual Studio Version 16
VisualStudioVersion = 16.0.29728.190
MinimumVisualStudioVersion = 10.0.40219.1
Project("{FAE04EC0-301F-11D3-BF4B-00C04F79EFBC}") = "Evolve Prank Callers", "Evolve Prank Callers\Evolve Prank Callers.csproj", "{697F5094-E75E-49B8-BF3E-8AB03F34F344}"
EndProject
Project("{FAE04EC0-301F-11D3-BF4B-00C04F79EFBC}") = "EvolvePrankClassLibrary", "EvolvePrankClassLibrary\EvolvePrankClassLibrary.csproj", "{70517A67-E80C-42EE-BB95-6A49D413671C}"
EndProject
Global
	GlobalSection(SolutionConfigurationPlatforms) = preSolution
		Debug|Any CPU = Debug|Any CPU
		Release|Any CPU = Release|Any CPU
	EndGlobalSection
	GlobalSection(ProjectConfigurationPlatforms) = postSolution
		{697F5094-E75E-49B8-BF3E-8AB03F34F344}.Debug|Any CPU.ActiveCfg = Debug|Any CPU
		{697F5094-E75E-49B8-BF3E-8AB03F34F344}.Debug|Any CPU.Build.0 = Debug|Any CPU
		{697F5094-E75E-49B8-BF3E-8AB03F34F344}.Release|Any CPU.ActiveCfg = Release|Any CPU
		{697F5094-E75E-49B8-BF3E-8AB03F34F344}.Release|Any CPU.Build.0 = Release|Any CPU
		{70517A67-E80C-42EE-BB95-6A49D413671C}.Debug|Any CPU.ActiveCfg = Debug|Any CPU
		{70517A67-E80C-42EE-BB95-6A49D413671C}.Debug|Any CPU.Build.0 = Debug|Any CPU
		{70517A67-E80C-42EE-BB95-6A49D413671C}.Release|Any CPU.ActiveCfg = Release|Any CPU
		{70517A67-E80C-42EE-BB95-6A49D413671C}.Release|Any CPU.Build.0 = Release|Any CPU
	EndGlobalSection
	GlobalSection(SolutionProperties) = preSolution
		HideSolutionNode = FALSE
	EndGlobalSection
	GlobalSection(ExtensibilityGlobals) = postSolution
		SolutionGuid = {CC4F5EAE-A79E-46E1-9BDE-0A4B7B145B8B}
	EndGlobalSection
EndGlobal
